
Microsoft Visual Studio Solution File, Format Version 12.00
# Visual Studio Version 17
VisualStudioVersion = 17.8.34525.116
MinimumVisualStudioVersion = 10.0.40219.1
Project("{FAE04EC0-301F-11D3-BF4B-00C04F79EFBC}") = "Dukon_Project", "Dukon_Project.csproj", "{D6AD7122-B3D9-4B9D-BE8E-3F1947ADACCB}"
EndProject
Global
	GlobalSection(SolutionConfigurationPlatforms) = preSolution
		Debug|Any CPU = Debug|Any CPU
		Release|Any CPU = Release|Any CPU
	EndGlobalSection
	GlobalSection(ProjectConfigurationPlatforms) = postSolution
		{D6AD7122-B3D9-4B9D-BE8E-3F1947ADACCB}.Debug|Any CPU.ActiveCfg = Debug|Any CPU
		{D6AD7122-B3D9-4B9D-BE8E-3F1947ADACCB}.Debug|Any CPU.Build.0 = Debug|Any CPU
		{D6AD7122-B3D9-4B9D-BE8E-3F1947ADACCB}.Release|Any CPU.ActiveCfg = Release|Any CPU
		{D6AD7122-B3D9-4B9D-BE8E-3F1947ADACCB}.Release|Any CPU.Build.0 = Release|Any CPU
	EndGlobalSection
	GlobalSection(SolutionProperties) = preSolution
		HideSolutionNode = FALSE
	EndGlobalSection
	GlobalSection(ExtensibilityGlobals) = postSolution
		SolutionGuid = {A58219C9-DF45-4C22-AB9E-A52A2A8C645E}
	EndGlobalSection
EndGlobal
